
Microsoft Visual Studio Solution File, Format Version 12.00
# Visual Studio Version 16
VisualStudioVersion = 16.0.28803.352
MinimumVisualStudioVersion = 10.0.40219.1
Project("{FAE04EC0-301F-11D3-BF4B-00C04F79EFBC}") = "MvcMovie", "MvcMovie\MvcMovie.csproj", "{FADC0070-CDB5-4E67-8CC5-4A556853B1D4}"
EndProject
Global
	GlobalSection(SolutionConfigurationPlatforms) = preSolution
		Debug|Any CPU = Debug|Any CPU
		Release|Any CPU = Release|Any CPU
	EndGlobalSection
	GlobalSection(ProjectConfigurationPlatforms) = postSolution
		{FADC0070-CDB5-4E67-8CC5-4A556853B1D4}.Debug|Any CPU.ActiveCfg = Debug|Any CPU
		{FADC0070-CDB5-4E67-8CC5-4A556853B1D4}.Debug|Any CPU.Build.0 = Debug|Any CPU
		{FADC0070-CDB5-4E67-8CC5-4A556853B1D4}.Release|Any CPU.ActiveCfg = Release|Any CPU
		{FADC0070-CDB5-4E67-8CC5-4A556853B1D4}.Release|Any CPU.Build.0 = Release|Any CPU
	EndGlobalSection
	GlobalSection(SolutionProperties) = preSolution
		HideSolutionNode = FALSE
	EndGlobalSection
	GlobalSection(ExtensibilityGlobals) = postSolution
		SolutionGuid = {3EF8646A-5EBB-4028-8ED7-1DB51DA4A1D7}
	EndGlobalSection
EndGlobal
